// !$*UTF8*$!
{
	archiveVersion = 1;
	classes = {
	};
	objectVersion = 46;
	objects = {

/* Begin PBXBuildFile section */
		5B259CCA1D6630E0001D755F /* AppDelegate.swift in Sources */ = {isa = PBXBuildFile; fileRef = 5B259CC91D6630E0001D755F /* AppDelegate.swift */; };
		5B259CD11D6630E0001D755F /* Assets.xcassets in Resources */ = {isa = PBXBuildFile; fileRef = 5B259CD01D6630E0001D755F /* Assets.xcassets */; };
		5B2675A21D674B400015A238 /* ListEvents.swift in Sources */ = {isa = PBXBuildFile; fileRef = 5B2675A11D674B400015A238 /* ListEvents.swift */; };
		5B302A8F1D663A8500FA2FFD /* ProductListComponent.swift in Sources */ = {isa = PBXBuildFile; fileRef = 5B302A8E1D663A8500FA2FFD /* ProductListComponent.swift */; };
		5BEF08121D6632EC006BF0C0 /* ListCoordinator.swift in Sources */ = {isa = PBXBuildFile; fileRef = 5BEF08111D6632EC006BF0C0 /* ListCoordinator.swift */; };
		5BEF08141D663304006BF0C0 /* ListViewController.swift in Sources */ = {isa = PBXBuildFile; fileRef = 5BEF08131D663304006BF0C0 /* ListViewController.swift */; };
		5BEF08161D66333C006BF0C0 /* ListViewState.swift in Sources */ = {isa = PBXBuildFile; fileRef = 5BEF08151D66333C006BF0C0 /* ListViewState.swift */; };
		5BEF081F1D663598006BF0C0 /* ProductListView.swift in Sources */ = {isa = PBXBuildFile; fileRef = 5BEF081E1D663598006BF0C0 /* ProductListView.swift */; };
		C5C0528B23886699002A586D /* Tempo.framework in Frameworks */ = {isa = PBXBuildFile; fileRef = C5C0528723886616002A586D /* Tempo.framework */; };
		CB22CBD126DAC9A700F42032 /* MainTabBarController.swift in Sources */ = {isa = PBXBuildFile; fileRef = CB22CBD026DAC9A700F42032 /* MainTabBarController.swift */; };
		CB978ADC26D85A57008BD020 /* Domain.framework in Frameworks */ = {isa = PBXBuildFile; fileRef = CB978ADB26D85A57008BD020 /* Domain.framework */; };
		CB978AF526D85B08008BD020 /* DataSource.framework in Frameworks */ = {isa = PBXBuildFile; fileRef = CB978AF426D85B08008BD020 /* DataSource.framework */; };
		CB978B2726D88116008BD020 /* DealsListDependencyInjector.swift in Sources */ = {isa = PBXBuildFile; fileRef = CB978B2626D88116008BD020 /* DealsListDependencyInjector.swift */; };
		CB978B2926D88180008BD020 /* Configuration.swift in Sources */ = {isa = PBXBuildFile; fileRef = CB978B2826D88180008BD020 /* Configuration.swift */; };
		CB978B2F26D8B953008BD020 /* UIImageView+Extension.swift in Sources */ = {isa = PBXBuildFile; fileRef = CB978B2E26D8B953008BD020 /* UIImageView+Extension.swift */; };
		CBDC299926D99DFF00B1233C /* DetailViewController.swift in Sources */ = {isa = PBXBuildFile; fileRef = CBDC299826D99DFF00B1233C /* DetailViewController.swift */; };
		CBDC299B26D99EEB00B1233C /* DetailCoordinator.swift in Sources */ = {isa = PBXBuildFile; fileRef = CBDC299A26D99EEB00B1233C /* DetailCoordinator.swift */; };
		CBDC299E26D99F8200B1233C /* ProductDetailView.swift in Sources */ = {isa = PBXBuildFile; fileRef = CBDC299D26D99F8200B1233C /* ProductDetailView.swift */; };
		CBDC29A026D99F8E00B1233C /* ProductDetailPresenter.swift in Sources */ = {isa = PBXBuildFile; fileRef = CBDC299F26D99F8E00B1233C /* ProductDetailPresenter.swift */; };
		CBDC29A226D9A7F600B1233C /* DetailViewState.swift in Sources */ = {isa = PBXBuildFile; fileRef = CBDC29A126D9A7F600B1233C /* DetailViewState.swift */; };
		CBDC29A426D9A7FD00B1233C /* DetailEvents.swift in Sources */ = {isa = PBXBuildFile; fileRef = CBDC29A326D9A7FD00B1233C /* DetailEvents.swift */; };
		CBDC29A626D9AA6300B1233C /* DealsDetailDependencyInjector.swift in Sources */ = {isa = PBXBuildFile; fileRef = CBDC29A526D9AA6300B1233C /* DealsDetailDependencyInjector.swift */; };
		CBE86A8D26DA0CC7004528C0 /* UIImage+Extension.swift in Sources */ = {isa = PBXBuildFile; fileRef = CBE86A8C26DA0CC7004528C0 /* UIImage+Extension.swift */; };
		CBE86A9326DA0FA5004528C0 /* LaunchScreenViewController.swift in Sources */ = {isa = PBXBuildFile; fileRef = CBE86A9226DA0FA5004528C0 /* LaunchScreenViewController.swift */; };
		CBE86A9626DA0FFD004528C0 /* LaunchScreenView.swift in Sources */ = {isa = PBXBuildFile; fileRef = CBE86A9526DA0FFD004528C0 /* LaunchScreenView.swift */; };
		CBE86A9826DA100A004528C0 /* LaunchScreenPresenter.swift in Sources */ = {isa = PBXBuildFile; fileRef = CBE86A9726DA100A004528C0 /* LaunchScreenPresenter.swift */; };
		CBE86A9A26DA101F004528C0 /* LaunchScreenCoordinator.swift in Sources */ = {isa = PBXBuildFile; fileRef = CBE86A9926DA101F004528C0 /* LaunchScreenCoordinator.swift */; };
		CBE86A9C26DA115C004528C0 /* LaunchScreenViewState.swift in Sources */ = {isa = PBXBuildFile; fileRef = CBE86A9B26DA115C004528C0 /* LaunchScreenViewState.swift */; };
		CBE86A9E26DA1486004528C0 /* UIViewController+Extension.swift in Sources */ = {isa = PBXBuildFile; fileRef = CBE86A9D26DA1486004528C0 /* UIViewController+Extension.swift */; };
/* End PBXBuildFile section */

/* Begin PBXFileReference section */
		5B259CC61D6630E0001D755F /* ProductViewer.app */ = {isa = PBXFileReference; explicitFileType = wrapper.application; includeInIndex = 0; path = ProductViewer.app; sourceTree = BUILT_PRODUCTS_DIR; };
		5B259CC91D6630E0001D755F /* AppDelegate.swift */ = {isa = PBXFileReference; lastKnownFileType = sourcecode.swift; path = AppDelegate.swift; sourceTree = "<group>"; };
		5B259CD01D6630E0001D755F /* Assets.xcassets */ = {isa = PBXFileReference; lastKnownFileType = folder.assetcatalog; path = Assets.xcassets; sourceTree = "<group>"; };
		5B259CD51D6630E0001D755F /* Info.plist */ = {isa = PBXFileReference; lastKnownFileType = text.plist.xml; name = Info.plist; path = Resources/Info.plist; sourceTree = SOURCE_ROOT; };
		5B2675A11D674B400015A238 /* ListEvents.swift */ = {isa = PBXFileReference; fileEncoding = 4; lastKnownFileType = sourcecode.swift; path = ListEvents.swift; sourceTree = "<group>"; };
		5B302A8E1D663A8500FA2FFD /* ProductListComponent.swift */ = {isa = PBXFileReference; fileEncoding = 4; lastKnownFileType = sourcecode.swift; path = ProductListComponent.swift; sourceTree = "<group>"; };
		5BEF08111D6632EC006BF0C0 /* ListCoordinator.swift */ = {isa = PBXFileReference; fileEncoding = 4; lastKnownFileType = sourcecode.swift; path = ListCoordinator.swift; sourceTree = "<group>"; };
		5BEF08131D663304006BF0C0 /* ListViewController.swift */ = {isa = PBXFileReference; fileEncoding = 4; lastKnownFileType = sourcecode.swift; path = ListViewController.swift; sourceTree = "<group>"; };
		5BEF08151D66333C006BF0C0 /* ListViewState.swift */ = {isa = PBXFileReference; fileEncoding = 4; lastKnownFileType = sourcecode.swift; path = ListViewState.swift; sourceTree = "<group>"; };
		5BEF081E1D663598006BF0C0 /* ProductListView.swift */ = {isa = PBXFileReference; fileEncoding = 4; lastKnownFileType = sourcecode.swift; path = ProductListView.swift; sourceTree = "<group>"; };
		C5C0528723886616002A586D /* Tempo.framework */ = {isa = PBXFileReference; explicitFileType = wrapper.framework; path = Tempo.framework; sourceTree = BUILT_PRODUCTS_DIR; };
		CB22CBD026DAC9A700F42032 /* MainTabBarController.swift */ = {isa = PBXFileReference; lastKnownFileType = sourcecode.swift; path = MainTabBarController.swift; sourceTree = "<group>"; };
		CB978ADB26D85A57008BD020 /* Domain.framework */ = {isa = PBXFileReference; explicitFileType = wrapper.framework; path = Domain.framework; sourceTree = BUILT_PRODUCTS_DIR; };
		CB978AF426D85B08008BD020 /* DataSource.framework */ = {isa = PBXFileReference; explicitFileType = wrapper.framework; path = DataSource.framework; sourceTree = BUILT_PRODUCTS_DIR; };
		CB978B2626D88116008BD020 /* DealsListDependencyInjector.swift */ = {isa = PBXFileReference; lastKnownFileType = sourcecode.swift; path = DealsListDependencyInjector.swift; sourceTree = "<group>"; };
		CB978B2826D88180008BD020 /* Configuration.swift */ = {isa = PBXFileReference; lastKnownFileType = sourcecode.swift; path = Configuration.swift; sourceTree = "<group>"; };
		CB978B2E26D8B953008BD020 /* UIImageView+Extension.swift */ = {isa = PBXFileReference; lastKnownFileType = sourcecode.swift; path = "UIImageView+Extension.swift"; sourceTree = "<group>"; };
		CBDC299826D99DFF00B1233C /* DetailViewController.swift */ = {isa = PBXFileReference; lastKnownFileType = sourcecode.swift; name = DetailViewController.swift; path = Extensions/DetailViewController.swift; sourceTree = SOURCE_ROOT; };
		CBDC299A26D99EEB00B1233C /* DetailCoordinator.swift */ = {isa = PBXFileReference; lastKnownFileType = sourcecode.swift; name = DetailCoordinator.swift; path = Extensions/DetailCoordinator.swift; sourceTree = SOURCE_ROOT; };
		CBDC299D26D99F8200B1233C /* ProductDetailView.swift */ = {isa = PBXFileReference; lastKnownFileType = sourcecode.swift; path = ProductDetailView.swift; sourceTree = "<group>"; };
		CBDC299F26D99F8E00B1233C /* ProductDetailPresenter.swift */ = {isa = PBXFileReference; lastKnownFileType = sourcecode.swift; path = ProductDetailPresenter.swift; sourceTree = "<group>"; };
		CBDC29A126D9A7F600B1233C /* DetailViewState.swift */ = {isa = PBXFileReference; lastKnownFileType = sourcecode.swift; path = DetailViewState.swift; sourceTree = "<group>"; };
		CBDC29A326D9A7FD00B1233C /* DetailEvents.swift */ = {isa = PBXFileReference; lastKnownFileType = sourcecode.swift; path = DetailEvents.swift; sourceTree = "<group>"; };
		CBDC29A526D9AA6300B1233C /* DealsDetailDependencyInjector.swift */ = {isa = PBXFileReference; lastKnownFileType = sourcecode.swift; path = DealsDetailDependencyInjector.swift; sourceTree = "<group>"; };
		CBE86A8C26DA0CC7004528C0 /* UIImage+Extension.swift */ = {isa = PBXFileReference; lastKnownFileType = sourcecode.swift; path = "UIImage+Extension.swift"; sourceTree = "<group>"; };
		CBE86A9226DA0FA5004528C0 /* LaunchScreenViewController.swift */ = {isa = PBXFileReference; lastKnownFileType = sourcecode.swift; path = LaunchScreenViewController.swift; sourceTree = "<group>"; };
		CBE86A9526DA0FFD004528C0 /* LaunchScreenView.swift */ = {isa = PBXFileReference; lastKnownFileType = sourcecode.swift; path = LaunchScreenView.swift; sourceTree = "<group>"; };
		CBE86A9726DA100A004528C0 /* LaunchScreenPresenter.swift */ = {isa = PBXFileReference; lastKnownFileType = sourcecode.swift; path = LaunchScreenPresenter.swift; sourceTree = "<group>"; };
		CBE86A9926DA101F004528C0 /* LaunchScreenCoordinator.swift */ = {isa = PBXFileReference; lastKnownFileType = sourcecode.swift; path = LaunchScreenCoordinator.swift; sourceTree = "<group>"; };
		CBE86A9B26DA115C004528C0 /* LaunchScreenViewState.swift */ = {isa = PBXFileReference; lastKnownFileType = sourcecode.swift; path = LaunchScreenViewState.swift; sourceTree = "<group>"; };
		CBE86A9D26DA1486004528C0 /* UIViewController+Extension.swift */ = {isa = PBXFileReference; lastKnownFileType = sourcecode.swift; path = "UIViewController+Extension.swift"; sourceTree = "<group>"; };
/* End PBXFileReference section */

/* Begin PBXFrameworksBuildPhase section */
		5B259CC31D6630E0001D755F /* Frameworks */ = {
			isa = PBXFrameworksBuildPhase;
			buildActionMask = 2147483647;
			files = (
				CB978ADC26D85A57008BD020 /* Domain.framework in Frameworks */,
				CB978AF526D85B08008BD020 /* DataSource.framework in Frameworks */,
				C5C0528B23886699002A586D /* Tempo.framework in Frameworks */,
			);
			runOnlyForDeploymentPostprocessing = 0;
		};
/* End PBXFrameworksBuildPhase section */

/* Begin PBXGroup section */
		5B259CBD1D6630E0001D755F = {
			isa = PBXGroup;
			children = (
				5B259CC81D6630E0001D755F /* ProductViewer */,
				CB40A0AE26D6E12B007B8297 /* Services */,
				CB978B2D26D8B89E008BD020 /* Extensions */,
				CB40A0AD26D6E0AC007B8297 /* Resources */,
				5B259CC71D6630E0001D755F /* Products */,
				5B518D921F1010E1005C013B /* Frameworks */,
				CB978B2526D880BC008BD020 /* DependencyInjectors */,
			);
			sourceTree = "<group>";
		};
		5B259CC71D6630E0001D755F /* Products */ = {
			isa = PBXGroup;
			children = (
				5B259CC61D6630E0001D755F /* ProductViewer.app */,
			);
			name = Products;
			sourceTree = "<group>";
		};
		5B259CC81D6630E0001D755F /* ProductViewer */ = {
			isa = PBXGroup;
			children = (
				CBE86A9126DA0ECC004528C0 /* Launch */,
				CB22CBCF26DAC99400F42032 /* Main */,
				5BEF080F1D663283006BF0C0 /* List */,
				5BEF08101D66328D006BF0C0 /* Detail */,
			);
			path = ProductViewer;
			sourceTree = "<group>";
		};
		5B518D921F1010E1005C013B /* Frameworks */ = {
			isa = PBXGroup;
			children = (
				CB978AF426D85B08008BD020 /* DataSource.framework */,
				CB978ADB26D85A57008BD020 /* Domain.framework */,
				C5C0528723886616002A586D /* Tempo.framework */,
			);
			name = Frameworks;
			sourceTree = "<group>";
		};
		5BEF080F1D663283006BF0C0 /* List */ = {
			isa = PBXGroup;
			children = (
				5BEF081D1D663573006BF0C0 /* Components */,
				5BEF08111D6632EC006BF0C0 /* ListCoordinator.swift */,
				5BEF08131D663304006BF0C0 /* ListViewController.swift */,
				5BEF08151D66333C006BF0C0 /* ListViewState.swift */,
				5B2675A11D674B400015A238 /* ListEvents.swift */,
			);
			path = List;
			sourceTree = "<group>";
		};
		5BEF08101D66328D006BF0C0 /* Detail */ = {
			isa = PBXGroup;
			children = (
				CBDC299C26D99F3900B1233C /* Presenter */,
				CBDC299A26D99EEB00B1233C /* DetailCoordinator.swift */,
				CBDC299826D99DFF00B1233C /* DetailViewController.swift */,
				CBDC29A126D9A7F600B1233C /* DetailViewState.swift */,
				CBDC29A326D9A7FD00B1233C /* DetailEvents.swift */,
			);
			path = Detail;
			sourceTree = "<group>";
		};
		5BEF081D1D663573006BF0C0 /* Components */ = {
			isa = PBXGroup;
			children = (
				5BEF081E1D663598006BF0C0 /* ProductListView.swift */,
				5B302A8E1D663A8500FA2FFD /* ProductListComponent.swift */,
			);
			path = Components;
			sourceTree = "<group>";
		};
		CB22CBCF26DAC99400F42032 /* Main */ = {
			isa = PBXGroup;
			children = (
				CB22CBD026DAC9A700F42032 /* MainTabBarController.swift */,
			);
			path = Main;
			sourceTree = "<group>";
		};
		CB40A0AD26D6E0AC007B8297 /* Resources */ = {
			isa = PBXGroup;
			children = (
				5B259CD01D6630E0001D755F /* Assets.xcassets */,
				5B259CD51D6630E0001D755F /* Info.plist */,
			);
			path = Resources;
			sourceTree = "<group>";
		};
		CB40A0AE26D6E12B007B8297 /* Services */ = {
			isa = PBXGroup;
			children = (
				5B259CC91D6630E0001D755F /* AppDelegate.swift */,
				CB978B2826D88180008BD020 /* Configuration.swift */,
			);
			path = Services;
			sourceTree = "<group>";
		};
		CB978B2526D880BC008BD020 /* DependencyInjectors */ = {
			isa = PBXGroup;
			children = (
				CB978B2626D88116008BD020 /* DealsListDependencyInjector.swift */,
				CBDC29A526D9AA6300B1233C /* DealsDetailDependencyInjector.swift */,
			);
			name = DependencyInjectors;
			path = ProductViewer;
			sourceTree = "<group>";
		};
		CB978B2D26D8B89E008BD020 /* Extensions */ = {
			isa = PBXGroup;
			children = (
				CBE86A8C26DA0CC7004528C0 /* UIImage+Extension.swift */,
				CB978B2E26D8B953008BD020 /* UIImageView+Extension.swift */,
				CBE86A9D26DA1486004528C0 /* UIViewController+Extension.swift */,
			);
			path = Extensions;
			sourceTree = "<group>";
		};
		CBDC299C26D99F3900B1233C /* Presenter */ = {
			isa = PBXGroup;
			children = (
				CBDC299D26D99F8200B1233C /* ProductDetailView.swift */,
				CBDC299F26D99F8E00B1233C /* ProductDetailPresenter.swift */,
			);
			path = Presenter;
			sourceTree = "<group>";
		};
		CBE86A9126DA0ECC004528C0 /* Launch */ = {
			isa = PBXGroup;
			children = (
				CBE86A9426DA0FEB004528C0 /* Presenter */,
				CBE86A9926DA101F004528C0 /* LaunchScreenCoordinator.swift */,
				CBE86A9226DA0FA5004528C0 /* LaunchScreenViewController.swift */,
				CBE86A9B26DA115C004528C0 /* LaunchScreenViewState.swift */,
			);
			path = Launch;
			sourceTree = "<group>";
		};
		CBE86A9426DA0FEB004528C0 /* Presenter */ = {
			isa = PBXGroup;
			children = (
				CBE86A9526DA0FFD004528C0 /* LaunchScreenView.swift */,
				CBE86A9726DA100A004528C0 /* LaunchScreenPresenter.swift */,
			);
			path = Presenter;
			sourceTree = "<group>";
		};
/* End PBXGroup section */

/* Begin PBXNativeTarget section */
		5B259CC51D6630E0001D755F /* ProductViewer */ = {
			isa = PBXNativeTarget;
			buildConfigurationList = 5B259CD81D6630E0001D755F /* Build configuration list for PBXNativeTarget "ProductViewer" */;
			buildPhases = (
				5B259CC21D6630E0001D755F /* Sources */,
				5B259CC31D6630E0001D755F /* Frameworks */,
				5B259CC41D6630E0001D755F /* Resources */,
			);
			buildRules = (
			);
			dependencies = (
			);
			name = ProductViewer;
			productName = ProductViewer;
			productReference = 5B259CC61D6630E0001D755F /* ProductViewer.app */;
			productType = "com.apple.product-type.application";
		};
/* End PBXNativeTarget section */

/* Begin PBXProject section */
		5B259CBE1D6630E0001D755F /* Project object */ = {
			isa = PBXProject;
			attributes = {
				LastSwiftUpdateCheck = 0730;
				LastUpgradeCheck = 1250;
				ORGANIZATIONNAME = Target;
				TargetAttributes = {
					5B259CC51D6630E0001D755F = {
						CreatedOnToolsVersion = 7.3.1;
						DevelopmentTeam = DV7J9CKA6A;
						LastSwiftMigration = 0830;
						ProvisioningStyle = Automatic;
					};
				};
			};
			buildConfigurationList = 5B259CC11D6630E0001D755F /* Build configuration list for PBXProject "ProductViewer" */;
			compatibilityVersion = "Xcode 3.2";
			developmentRegion = en;
			hasScannedForEncodings = 0;
			knownRegions = (
				en,
				Base,
			);
			mainGroup = 5B259CBD1D6630E0001D755F;
			productRefGroup = 5B259CC71D6630E0001D755F /* Products */;
			projectDirPath = "";
			projectRoot = "";
			targets = (
				5B259CC51D6630E0001D755F /* ProductViewer */,
			);
		};
/* End PBXProject section */

/* Begin PBXResourcesBuildPhase section */
		5B259CC41D6630E0001D755F /* Resources */ = {
			isa = PBXResourcesBuildPhase;
			buildActionMask = 2147483647;
			files = (
				5B259CD11D6630E0001D755F /* Assets.xcassets in Resources */,
			);
			runOnlyForDeploymentPostprocessing = 0;
		};
/* End PBXResourcesBuildPhase section */

/* Begin PBXSourcesBuildPhase section */
		5B259CC21D6630E0001D755F /* Sources */ = {
			isa = PBXSourcesBuildPhase;
			buildActionMask = 2147483647;
			files = (
				CBE86A9E26DA1486004528C0 /* UIViewController+Extension.swift in Sources */,
				CBE86A9326DA0FA5004528C0 /* LaunchScreenViewController.swift in Sources */,
				CBDC299926D99DFF00B1233C /* DetailViewController.swift in Sources */,
				CB978B2F26D8B953008BD020 /* UIImageView+Extension.swift in Sources */,
				5BEF08161D66333C006BF0C0 /* ListViewState.swift in Sources */,
				CBE86A8D26DA0CC7004528C0 /* UIImage+Extension.swift in Sources */,
				CBE86A9826DA100A004528C0 /* LaunchScreenPresenter.swift in Sources */,
				5B259CCA1D6630E0001D755F /* AppDelegate.swift in Sources */,
				CBDC29A026D99F8E00B1233C /* ProductDetailPresenter.swift in Sources */,
				CBDC29A426D9A7FD00B1233C /* DetailEvents.swift in Sources */,
				CB978B2726D88116008BD020 /* DealsListDependencyInjector.swift in Sources */,
				CB978B2926D88180008BD020 /* Configuration.swift in Sources */,
				5BEF081F1D663598006BF0C0 /* ProductListView.swift in Sources */,
				CB22CBD126DAC9A700F42032 /* MainTabBarController.swift in Sources */,
				5B302A8F1D663A8500FA2FFD /* ProductListComponent.swift in Sources */,
				CBE86A9A26DA101F004528C0 /* LaunchScreenCoordinator.swift in Sources */,
				5BEF08141D663304006BF0C0 /* ListViewController.swift in Sources */,
				CBE86A9C26DA115C004528C0 /* LaunchScreenViewState.swift in Sources */,
				CBDC299B26D99EEB00B1233C /* DetailCoordinator.swift in Sources */,
				CBDC299E26D99F8200B1233C /* ProductDetailView.swift in Sources */,
				CBE86A9626DA0FFD004528C0 /* LaunchScreenView.swift in Sources */,
				5BEF08121D6632EC006BF0C0 /* ListCoordinator.swift in Sources */,
				CBDC29A626D9AA6300B1233C /* DealsDetailDependencyInjector.swift in Sources */,
				5B2675A21D674B400015A238 /* ListEvents.swift in Sources */,
				CBDC29A226D9A7F600B1233C /* DetailViewState.swift in Sources */,
			);
			runOnlyForDeploymentPostprocessing = 0;
		};
/* End PBXSourcesBuildPhase section */

/* Begin XCBuildConfiguration section */
		5B259CD61D6630E0001D755F /* Debug */ = {
			isa = XCBuildConfiguration;
			buildSettings = {
				ALWAYS_SEARCH_USER_PATHS = NO;
				CLANG_ANALYZER_NONNULL = YES;
				CLANG_CXX_LANGUAGE_STANDARD = "gnu++0x";
				CLANG_CXX_LIBRARY = "libc++";
				CLANG_ENABLE_MODULES = YES;
				CLANG_ENABLE_OBJC_ARC = YES;
				CLANG_WARN_BLOCK_CAPTURE_AUTORELEASING = YES;
				CLANG_WARN_BOOL_CONVERSION = YES;
				CLANG_WARN_COMMA = YES;
				CLANG_WARN_CONSTANT_CONVERSION = YES;
				CLANG_WARN_DEPRECATED_OBJC_IMPLEMENTATIONS = YES;
				CLANG_WARN_DIRECT_OBJC_ISA_USAGE = YES_ERROR;
				CLANG_WARN_EMPTY_BODY = YES;
				CLANG_WARN_ENUM_CONVERSION = YES;
				CLANG_WARN_INFINITE_RECURSION = YES;
				CLANG_WARN_INT_CONVERSION = YES;
				CLANG_WARN_NON_LITERAL_NULL_CONVERSION = YES;
				CLANG_WARN_OBJC_IMPLICIT_RETAIN_SELF = YES;
				CLANG_WARN_OBJC_LITERAL_CONVERSION = YES;
				CLANG_WARN_OBJC_ROOT_CLASS = YES_ERROR;
				CLANG_WARN_QUOTED_INCLUDE_IN_FRAMEWORK_HEADER = YES;
				CLANG_WARN_RANGE_LOOP_ANALYSIS = YES;
				CLANG_WARN_STRICT_PROTOTYPES = YES;
				CLANG_WARN_SUSPICIOUS_MOVE = YES;
				CLANG_WARN_UNREACHABLE_CODE = YES;
				CLANG_WARN__DUPLICATE_METHOD_MATCH = YES;
				"CODE_SIGN_IDENTITY[sdk=iphoneos*]" = "iPhone Developer";
				COPY_PHASE_STRIP = NO;
				DEBUG_INFORMATION_FORMAT = dwarf;
				ENABLE_STRICT_OBJC_MSGSEND = YES;
				ENABLE_TESTABILITY = YES;
				GCC_C_LANGUAGE_STANDARD = gnu99;
				GCC_DYNAMIC_NO_PIC = NO;
				GCC_NO_COMMON_BLOCKS = YES;
				GCC_OPTIMIZATION_LEVEL = 0;
				GCC_PREPROCESSOR_DEFINITIONS = (
					"DEBUG=1",
					"$(inherited)",
				);
				GCC_WARN_64_TO_32_BIT_CONVERSION = YES;
				GCC_WARN_ABOUT_RETURN_TYPE = YES_ERROR;
				GCC_WARN_UNDECLARED_SELECTOR = YES;
				GCC_WARN_UNINITIALIZED_AUTOS = YES_AGGRESSIVE;
				GCC_WARN_UNUSED_FUNCTION = YES;
				GCC_WARN_UNUSED_VARIABLE = YES;
				IPHONEOS_DEPLOYMENT_TARGET = 12.0;
				MTL_ENABLE_DEBUG_INFO = YES;
				ONLY_ACTIVE_ARCH = YES;
				SDKROOT = iphoneos;
				SWIFT_OPTIMIZATION_LEVEL = "-Onone";
				TARGETED_DEVICE_FAMILY = "1,2";
			};
			name = Debug;
		};
		5B259CD71D6630E0001D755F /* Release */ = {
			isa = XCBuildConfiguration;
			buildSettings = {
				ALWAYS_SEARCH_USER_PATHS = NO;
				CLANG_ANALYZER_NONNULL = YES;
				CLANG_CXX_LANGUAGE_STANDARD = "gnu++0x";
				CLANG_CXX_LIBRARY = "libc++";
				CLANG_ENABLE_MODULES = YES;
				CLANG_ENABLE_OBJC_ARC = YES;
				CLANG_WARN_BLOCK_CAPTURE_AUTORELEASING = YES;
				CLANG_WARN_BOOL_CONVERSION = YES;
				CLANG_WARN_COMMA = YES;
				CLANG_WARN_CONSTANT_CONVERSION = YES;
				CLANG_WARN_DEPRECATED_OBJC_IMPLEMENTATIONS = YES;
				CLANG_WARN_DIRECT_OBJC_ISA_USAGE = YES_ERROR;
				CLANG_WARN_EMPTY_BODY = YES;
				CLANG_WARN_ENUM_CONVERSION = YES;
				CLANG_WARN_INFINITE_RECURSION = YES;
				CLANG_WARN_INT_CONVERSION = YES;
				CLANG_WARN_NON_LITERAL_NULL_CONVERSION = YES;
				CLANG_WARN_OBJC_IMPLICIT_RETAIN_SELF = YES;
				CLANG_WARN_OBJC_LITERAL_CONVERSION = YES;
				CLANG_WARN_OBJC_ROOT_CLASS = YES_ERROR;
				CLANG_WARN_QUOTED_INCLUDE_IN_FRAMEWORK_HEADER = YES;
				CLANG_WARN_RANGE_LOOP_ANALYSIS = YES;
				CLANG_WARN_STRICT_PROTOTYPES = YES;
				CLANG_WARN_SUSPICIOUS_MOVE = YES;
				CLANG_WARN_UNREACHABLE_CODE = YES;
				CLANG_WARN__DUPLICATE_METHOD_MATCH = YES;
				"CODE_SIGN_IDENTITY[sdk=iphoneos*]" = "";
				COPY_PHASE_STRIP = NO;
				DEBUG_INFORMATION_FORMAT = "dwarf-with-dsym";
				ENABLE_NS_ASSERTIONS = NO;
				ENABLE_STRICT_OBJC_MSGSEND = YES;
				GCC_C_LANGUAGE_STANDARD = gnu99;
				GCC_NO_COMMON_BLOCKS = YES;
				GCC_WARN_64_TO_32_BIT_CONVERSION = YES;
				GCC_WARN_ABOUT_RETURN_TYPE = YES_ERROR;
				GCC_WARN_UNDECLARED_SELECTOR = YES;
				GCC_WARN_UNINITIALIZED_AUTOS = YES_AGGRESSIVE;
				GCC_WARN_UNUSED_FUNCTION = YES;
				GCC_WARN_UNUSED_VARIABLE = YES;
				IPHONEOS_DEPLOYMENT_TARGET = 12.0;
				MTL_ENABLE_DEBUG_INFO = NO;
				SDKROOT = iphoneos;
				SWIFT_COMPILATION_MODE = wholemodule;
				TARGETED_DEVICE_FAMILY = "1,2";
				VALIDATE_PRODUCT = YES;
			};
			name = Release;
		};
		5B259CD91D6630E0001D755F /* Debug */ = {
			isa = XCBuildConfiguration;
			buildSettings = {
				ASSETCATALOG_COMPILER_APPICON_NAME = AppIcon;
				CODE_SIGN_IDENTITY = "Apple Development";
				CODE_SIGN_STYLE = Automatic;
				DEVELOPMENT_TEAM = DV7J9CKA6A;
				INFOPLIST_FILE = Resources/Info.plist;
				LD_RUNPATH_SEARCH_PATHS = "$(inherited) @executable_path/Frameworks";
				MARKETING_VERSION = 1.0;
				PRODUCT_BUNDLE_IDENTIFIER = com.target.ProductViewer;
				PRODUCT_NAME = "$(TARGET_NAME)";
				PROVISIONING_PROFILE_SPECIFIER = "";
				SWIFT_VERSION = 5.0;
				TARGETED_DEVICE_FAMILY = 1;
			};
			name = Debug;
		};
		5B259CDA1D6630E0001D755F /* Release */ = {
			isa = XCBuildConfiguration;
			buildSettings = {
				ASSETCATALOG_COMPILER_APPICON_NAME = AppIcon;
				INFOPLIST_FILE = Resources/Info.plist;
				LD_RUNPATH_SEARCH_PATHS = "$(inherited) @executable_path/Frameworks";
				MARKETING_VERSION = 1.0;
				PRODUCT_BUNDLE_IDENTIFIER = com.target.ProductViewer;
				PRODUCT_NAME = "$(TARGET_NAME)";
				SWIFT_VERSION = 5.0;
				TARGETED_DEVICE_FAMILY = 1;
			};
			name = Release;
		};
/* End XCBuildConfiguration section */

/* Begin XCConfigurationList section */
		5B259CC11D6630E0001D755F /* Build configuration list for PBXProject "ProductViewer" */ = {
			isa = XCConfigurationList;
			buildConfigurations = (
				5B259CD61D6630E0001D755F /* Debug */,
				5B259CD71D6630E0001D755F /* Release */,
			);
			defaultConfigurationIsVisible = 0;
			defaultConfigurationName = Release;
		};
		5B259CD81D6630E0001D755F /* Build configuration list for PBXNativeTarget "ProductViewer" */ = {
			isa = XCConfigurationList;
			buildConfigurations = (
				5B259CD91D6630E0001D755F /* Debug */,
				5B259CDA1D6630E0001D755F /* Release */,
			);
			defaultConfigurationIsVisible = 0;
			defaultConfigurationName = Release;
		};
/* End XCConfigurationList section */
	};
	rootObject = 5B259CBE1D6630E0001D755F /* Project object */;
}
